
Microsoft Visual Studio Solution File, Format Version 12.00
# Visual Studio Version 17
VisualStudioVersion = 17.11.35303.130
MinimumVisualStudioVersion = 10.0.40219.1
Project("{8BC9CEB8-8B4A-11D0-8D11-00A0C91BC942}") = "Task4", "Task4.vcxproj", "{81480E19-874C-4D5C-BB65-36CE57D4EDF2}"
EndProject
Project("{8BC9CEB8-8B4A-11D0-8D11-00A0C91BC942}") = "decisionTask4", "..\decisionTask4\decisionTask4.vcxproj", "{0D3A5712-247F-46AB-89AA-D06ED9DB13E9}"
EndProject
Project("{8BC9CEB8-8B4A-11D0-8D11-00A0C91BC942}") = "TestTask4", "..\TestTask4\TestTask4.vcxproj", "{7F711078-C3C1-467A-8432-01AD68F26DE7}"
EndProject
Global
	GlobalSection(SolutionConfigurationPlatforms) = preSolution
		Debug|x64 = Debug|x64
		Debug|x86 = Debug|x86
		Release|x64 = Release|x64
		Release|x86 = Release|x86
	EndGlobalSection
	GlobalSection(ProjectConfigurationPlatforms) = postSolution
		{81480E19-874C-4D5C-BB65-36CE57D4EDF2}.Debug|x64.ActiveCfg = Debug|x64
		{81480E19-874C-4D5C-BB65-36CE57D4EDF2}.Debug|x64.Build.0 = Debug|x64
		{81480E19-874C-4D5C-BB65-36CE57D4EDF2}.Debug|x86.ActiveCfg = Debug|Win32
		{81480E19-874C-4D5C-BB65-36CE57D4EDF2}.Debug|x86.Build.0 = Debug|Win32
		{81480E19-874C-4D5C-BB65-36CE57D4EDF2}.Release|x64.ActiveCfg = Release|x64
		{81480E19-874C-4D5C-BB65-36CE57D4EDF2}.Release|x64.Build.0 = Release|x64
		{81480E19-874C-4D5C-BB65-36CE57D4EDF2}.Release|x86.ActiveCfg = Release|Win32
		{81480E19-874C-4D5C-BB65-36CE57D4EDF2}.Release|x86.Build.0 = Release|Win32
		{0D3A5712-247F-46AB-89AA-D06ED9DB13E9}.Debug|x64.ActiveCfg = Debug|x64
		{0D3A5712-247F-46AB-89AA-D06ED9DB13E9}.Debug|x64.Build.0 = Debug|x64
		{0D3A5712-247F-46AB-89AA-D06ED9DB13E9}.Debug|x86.ActiveCfg = Debug|Win32
		{0D3A5712-247F-46AB-89AA-D06ED9DB13E9}.Debug|x86.Build.0 = Debug|Win32
		{0D3A5712-247F-46AB-89AA-D06ED9DB13E9}.Release|x64.ActiveCfg = Release|x64
		{0D3A5712-247F-46AB-89AA-D06ED9DB13E9}.Release|x64.Build.0 = Release|x64
		{0D3A5712-247F-46AB-89AA-D06ED9DB13E9}.Release|x86.ActiveCfg = Release|Win32
		{0D3A5712-247F-46AB-89AA-D06ED9DB13E9}.Release|x86.Build.0 = Release|Win32
		{7F711078-C3C1-467A-8432-01AD68F26DE7}.Debug|x64.ActiveCfg = Debug|x64
		{7F711078-C3C1-467A-8432-01AD68F26DE7}.Debug|x64.Build.0 = Debug|x64
		{7F711078-C3C1-467A-8432-01AD68F26DE7}.Debug|x86.ActiveCfg = Debug|Win32
		{7F711078-C3C1-467A-8432-01AD68F26DE7}.Debug|x86.Build.0 = Debug|Win32
		{7F711078-C3C1-467A-8432-01AD68F26DE7}.Release|x64.ActiveCfg = Release|x64
		{7F711078-C3C1-467A-8432-01AD68F26DE7}.Release|x64.Build.0 = Release|x64
		{7F711078-C3C1-467A-8432-01AD68F26DE7}.Release|x86.ActiveCfg = Release|Win32
		{7F711078-C3C1-467A-8432-01AD68F26DE7}.Release|x86.Build.0 = Release|Win32
	EndGlobalSection
	GlobalSection(SolutionProperties) = preSolution
		HideSolutionNode = FALSE
	EndGlobalSection
	GlobalSection(ExtensibilityGlobals) = postSolution
		SolutionGuid = {DF67598F-FD21-4117-9363-B6DB70858C19}
	EndGlobalSection
EndGlobal
